
Microsoft Visual Studio Solution File, Format Version 12.00
# Visual Studio Version 16
VisualStudioVersion = 16.0.31729.503
MinimumVisualStudioVersion = 10.0.40219.1
Project("{FAE04EC0-301F-11D3-BF4B-00C04F79EFBC}") = "PointsCloudMovementLibrary", "PointsCloudMovementLibrary\PointsCloudMovementLibrary.csproj", "{D4DBA92F-8CC9-4C96-AB15-1EB894B1FBBC}"
EndProject
Global
	GlobalSection(SolutionConfigurationPlatforms) = preSolution
		Debug|Any CPU = Debug|Any CPU
		Release|Any CPU = Release|Any CPU
	EndGlobalSection
	GlobalSection(ProjectConfigurationPlatforms) = postSolution
		{D4DBA92F-8CC9-4C96-AB15-1EB894B1FBBC}.Debug|Any CPU.ActiveCfg = Debug|Any CPU
		{D4DBA92F-8CC9-4C96-AB15-1EB894B1FBBC}.Debug|Any CPU.Build.0 = Debug|Any CPU
		{D4DBA92F-8CC9-4C96-AB15-1EB894B1FBBC}.Release|Any CPU.ActiveCfg = Release|Any CPU
		{D4DBA92F-8CC9-4C96-AB15-1EB894B1FBBC}.Release|Any CPU.Build.0 = Release|Any CPU
	EndGlobalSection
	GlobalSection(SolutionProperties) = preSolution
		HideSolutionNode = FALSE
	EndGlobalSection
	GlobalSection(ExtensibilityGlobals) = postSolution
		SolutionGuid = {3DCC3085-080F-4F23-9942-C576AAA1B259}
	EndGlobalSection
EndGlobal
